
Microsoft Visual Studio Solution File, Format Version 12.00
# Visual Studio Version 16
VisualStudioVersion = 16.0.29911.84
MinimumVisualStudioVersion = 10.0.40219.1
Project("{FAE04EC0-301F-11D3-BF4B-00C04F79EFBC}") = "MVC", "MVC\MVC.csproj", "{26808272-E58A-4ED3-A6E5-E3B0B764465A}"
EndProject
Global
	GlobalSection(SolutionConfigurationPlatforms) = preSolution
		Debug|Any CPU = Debug|Any CPU
		Release|Any CPU = Release|Any CPU
	EndGlobalSection
	GlobalSection(ProjectConfigurationPlatforms) = postSolution
		{26808272-E58A-4ED3-A6E5-E3B0B764465A}.Debug|Any CPU.ActiveCfg = Debug|Any CPU
		{26808272-E58A-4ED3-A6E5-E3B0B764465A}.Debug|Any CPU.Build.0 = Debug|Any CPU
		{26808272-E58A-4ED3-A6E5-E3B0B764465A}.Release|Any CPU.ActiveCfg = Release|Any CPU
		{26808272-E58A-4ED3-A6E5-E3B0B764465A}.Release|Any CPU.Build.0 = Release|Any CPU
	EndGlobalSection
	GlobalSection(SolutionProperties) = preSolution
		HideSolutionNode = FALSE
	EndGlobalSection
	GlobalSection(ExtensibilityGlobals) = postSolution
		SolutionGuid = {6354FD8E-14F6-46EA-AE0B-A5FE6F751888}
	EndGlobalSection
EndGlobal
